
Microsoft Visual Studio Solution File, Format Version 12.00
# Visual Studio Version 17
VisualStudioVersion = 17.14.36518.9
MinimumVisualStudioVersion = 10.0.40219.1
Project("{FAE04EC0-301F-11D3-BF4B-00C04F79EFBC}") = "tempAPI", "tempAPI\tempAPI.csproj", "{C7211BD7-7927-4FD6-AE99-C1E36CFB80E8}"
EndProject
Global
	GlobalSection(SolutionConfigurationPlatforms) = preSolution
		Debug|Any CPU = Debug|Any CPU
		Release|Any CPU = Release|Any CPU
	EndGlobalSection
	GlobalSection(ProjectConfigurationPlatforms) = postSolution
		{C7211BD7-7927-4FD6-AE99-C1E36CFB80E8}.Debug|Any CPU.ActiveCfg = Debug|Any CPU
		{C7211BD7-7927-4FD6-AE99-C1E36CFB80E8}.Debug|Any CPU.Build.0 = Debug|Any CPU
		{C7211BD7-7927-4FD6-AE99-C1E36CFB80E8}.Release|Any CPU.ActiveCfg = Release|Any CPU
		{C7211BD7-7927-4FD6-AE99-C1E36CFB80E8}.Release|Any CPU.Build.0 = Release|Any CPU
	EndGlobalSection
	GlobalSection(SolutionProperties) = preSolution
		HideSolutionNode = FALSE
	EndGlobalSection
	GlobalSection(ExtensibilityGlobals) = postSolution
		SolutionGuid = {A5B8A7FE-A70B-462A-B62D-05B2F7ED6766}
	EndGlobalSection
EndGlobal
